
Microsoft Visual Studio Solution File, Format Version 12.00
# Visual Studio Version 17
VisualStudioVersion = 17.9.34407.89
MinimumVisualStudioVersion = 10.0.40219.1
Project("{2150E333-8FDC-42A3-9474-1A3956D46DE8}") = "Front", "Front", "{120A0DED-A3C6-4479-9360-605DD774BF0A}"
EndProject
Project("{2150E333-8FDC-42A3-9474-1A3956D46DE8}") = "Services", "Services", "{C555A2AF-DC5C-47FF-99C5-07D756CB4F61}"
EndProject
Project("{9A19103F-16F7-4668-BE54-9A1E7A4F7556}") = "GeekShopping.Web", "GeekShopping.Web\GeekShopping.Web.csproj", "{A1ECD41C-4687-41A5-8180-174C43AA7E3F}"
EndProject
Project("{9A19103F-16F7-4668-BE54-9A1E7A4F7556}") = "GeekShopping.ProductAPI", "GeekShopping.ProductAPI\GeekShopping.ProductAPI.csproj", "{26EB3C4C-903D-4DB9-ADB8-F8EEEB33FA33}"
EndProject
Project("{9A19103F-16F7-4668-BE54-9A1E7A4F7556}") = "GeekShopping.IdentityServer", "GeekShopping.IdentityServer\GeekShopping.IdentityServer.csproj", "{D0F03345-AFAA-4D36-8981-5D6020AF9F26}"
EndProject
Project("{9A19103F-16F7-4668-BE54-9A1E7A4F7556}") = "GeekShopping.CartAPI", "GeekShopping.CartAPI\GeekShopping.CartAPI.csproj", "{398CEB30-E0F9-4125-8DCB-0AD6A26179B6}"
EndProject
Project("{9A19103F-16F7-4668-BE54-9A1E7A4F7556}") = "GeekShopping.CouponAPI", "GeekShopping.CouponAPI\GeekShopping.CouponAPI.csproj", "{2BF58B78-F43D-42E9-BAB0-8BE419283228}"
EndProject
Project("{2150E333-8FDC-42A3-9474-1A3956D46DE8}") = "Integration", "Integration", "{7ABCF984-8EB8-481C-A2CB-BE49EAA38CE3}"
EndProject
Project("{9A19103F-16F7-4668-BE54-9A1E7A4F7556}") = "GeekShopping.MessageBus", "GeekShopping.MessageBus\GeekShopping.MessageBus.csproj", "{A5E27679-8318-4D96-A781-2BE4B7792C5D}"
EndProject
Project("{9A19103F-16F7-4668-BE54-9A1E7A4F7556}") = "GeekShopping.OrderAPI", "GeekShopping.OrderAPI\GeekShopping.OrderAPI.csproj", "{F25152F9-534C-489C-916C-290E6B541E6D}"
EndProject
Project("{2150E333-8FDC-42A3-9474-1A3956D46DE8}") = "Payments", "Payments", "{89D6126F-1745-440A-857D-7A533634AD8E}"
EndProject
Project("{9A19103F-16F7-4668-BE54-9A1E7A4F7556}") = "GeekShopping.PaymentProcessor", "GeekShopping.PaymentProcessor\GeekShopping.PaymentProcessor.csproj", "{F20077AA-2271-4294-8246-1A6B66F3C78D}"
EndProject
Project("{9A19103F-16F7-4668-BE54-9A1E7A4F7556}") = "GeekShopping.PaymentAPI", "GeekShopping.PaymentAPI\GeekShopping.PaymentAPI.csproj", "{842FFA2E-852E-4812-861D-884DA65456FD}"
EndProject
Project("{FAE04EC0-301F-11D3-BF4B-00C04F79EFBC}") = "GeekShopping.Email", "GeekShopping.Email\GeekShopping.Email.csproj", "{BAB5D848-1A57-486C-B725-916780DDCD02}"
EndProject
Global
	GlobalSection(SolutionConfigurationPlatforms) = preSolution
		Debug|Any CPU = Debug|Any CPU
		Release|Any CPU = Release|Any CPU
	EndGlobalSection
	GlobalSection(ProjectConfigurationPlatforms) = postSolution
		{A1ECD41C-4687-41A5-8180-174C43AA7E3F}.Debug|Any CPU.ActiveCfg = Debug|Any CPU
		{A1ECD41C-4687-41A5-8180-174C43AA7E3F}.Debug|Any CPU.Build.0 = Debug|Any CPU
		{A1ECD41C-4687-41A5-8180-174C43AA7E3F}.Release|Any CPU.ActiveCfg = Release|Any CPU
		{A1ECD41C-4687-41A5-8180-174C43AA7E3F}.Release|Any CPU.Build.0 = Release|Any CPU
		{26EB3C4C-903D-4DB9-ADB8-F8EEEB33FA33}.Debug|Any CPU.ActiveCfg = Debug|Any CPU
		{26EB3C4C-903D-4DB9-ADB8-F8EEEB33FA33}.Debug|Any CPU.Build.0 = Debug|Any CPU
		{26EB3C4C-903D-4DB9-ADB8-F8EEEB33FA33}.Release|Any CPU.ActiveCfg = Release|Any CPU
		{26EB3C4C-903D-4DB9-ADB8-F8EEEB33FA33}.Release|Any CPU.Build.0 = Release|Any CPU
		{D0F03345-AFAA-4D36-8981-5D6020AF9F26}.Debug|Any CPU.ActiveCfg = Debug|Any CPU
		{D0F03345-AFAA-4D36-8981-5D6020AF9F26}.Debug|Any CPU.Build.0 = Debug|Any CPU
		{D0F03345-AFAA-4D36-8981-5D6020AF9F26}.Release|Any CPU.ActiveCfg = Release|Any CPU
		{D0F03345-AFAA-4D36-8981-5D6020AF9F26}.Release|Any CPU.Build.0 = Release|Any CPU
		{398CEB30-E0F9-4125-8DCB-0AD6A26179B6}.Debug|Any CPU.ActiveCfg = Debug|Any CPU
		{398CEB30-E0F9-4125-8DCB-0AD6A26179B6}.Debug|Any CPU.Build.0 = Debug|Any CPU
		{398CEB30-E0F9-4125-8DCB-0AD6A26179B6}.Release|Any CPU.ActiveCfg = Release|Any CPU
		{398CEB30-E0F9-4125-8DCB-0AD6A26179B6}.Release|Any CPU.Build.0 = Release|Any CPU
		{2BF58B78-F43D-42E9-BAB0-8BE419283228}.Debug|Any CPU.ActiveCfg = Debug|Any CPU
		{2BF58B78-F43D-42E9-BAB0-8BE419283228}.Debug|Any CPU.Build.0 = Debug|Any CPU
		{2BF58B78-F43D-42E9-BAB0-8BE419283228}.Release|Any CPU.ActiveCfg = Release|Any CPU
		{2BF58B78-F43D-42E9-BAB0-8BE419283228}.Release|Any CPU.Build.0 = Release|Any CPU
		{A5E27679-8318-4D96-A781-2BE4B7792C5D}.Debug|Any CPU.ActiveCfg = Debug|Any CPU
		{A5E27679-8318-4D96-A781-2BE4B7792C5D}.Debug|Any CPU.Build.0 = Debug|Any CPU
		{A5E27679-8318-4D96-A781-2BE4B7792C5D}.Release|Any CPU.ActiveCfg = Release|Any CPU
		{A5E27679-8318-4D96-A781-2BE4B7792C5D}.Release|Any CPU.Build.0 = Release|Any CPU
		{F25152F9-534C-489C-916C-290E6B541E6D}.Debug|Any CPU.ActiveCfg = Debug|Any CPU
		{F25152F9-534C-489C-916C-290E6B541E6D}.Debug|Any CPU.Build.0 = Debug|Any CPU
		{F25152F9-534C-489C-916C-290E6B541E6D}.Release|Any CPU.ActiveCfg = Release|Any CPU
		{F25152F9-534C-489C-916C-290E6B541E6D}.Release|Any CPU.Build.0 = Release|Any CPU
		{F20077AA-2271-4294-8246-1A6B66F3C78D}.Debug|Any CPU.ActiveCfg = Debug|Any CPU
		{F20077AA-2271-4294-8246-1A6B66F3C78D}.Debug|Any CPU.Build.0 = Debug|Any CPU
		{F20077AA-2271-4294-8246-1A6B66F3C78D}.Release|Any CPU.ActiveCfg = Release|Any CPU
		{F20077AA-2271-4294-8246-1A6B66F3C78D}.Release|Any CPU.Build.0 = Release|Any CPU
		{842FFA2E-852E-4812-861D-884DA65456FD}.Debug|Any CPU.ActiveCfg = Debug|Any CPU
		{842FFA2E-852E-4812-861D-884DA65456FD}.Debug|Any CPU.Build.0 = Debug|Any CPU
		{842FFA2E-852E-4812-861D-884DA65456FD}.Release|Any CPU.ActiveCfg = Release|Any CPU
		{842FFA2E-852E-4812-861D-884DA65456FD}.Release|Any CPU.Build.0 = Release|Any CPU
		{BAB5D848-1A57-486C-B725-916780DDCD02}.Debug|Any CPU.ActiveCfg = Debug|Any CPU
		{BAB5D848-1A57-486C-B725-916780DDCD02}.Debug|Any CPU.Build.0 = Debug|Any CPU
		{BAB5D848-1A57-486C-B725-916780DDCD02}.Release|Any CPU.ActiveCfg = Release|Any CPU
		{BAB5D848-1A57-486C-B725-916780DDCD02}.Release|Any CPU.Build.0 = Release|Any CPU
	EndGlobalSection
	GlobalSection(SolutionProperties) = preSolution
		HideSolutionNode = FALSE
	EndGlobalSection
	GlobalSection(NestedProjects) = preSolution
		{A1ECD41C-4687-41A5-8180-174C43AA7E3F} = {120A0DED-A3C6-4479-9360-605DD774BF0A}
		{26EB3C4C-903D-4DB9-ADB8-F8EEEB33FA33} = {C555A2AF-DC5C-47FF-99C5-07D756CB4F61}
		{D0F03345-AFAA-4D36-8981-5D6020AF9F26} = {C555A2AF-DC5C-47FF-99C5-07D756CB4F61}
		{398CEB30-E0F9-4125-8DCB-0AD6A26179B6} = {C555A2AF-DC5C-47FF-99C5-07D756CB4F61}
		{2BF58B78-F43D-42E9-BAB0-8BE419283228} = {C555A2AF-DC5C-47FF-99C5-07D756CB4F61}
		{A5E27679-8318-4D96-A781-2BE4B7792C5D} = {7ABCF984-8EB8-481C-A2CB-BE49EAA38CE3}
		{F25152F9-534C-489C-916C-290E6B541E6D} = {C555A2AF-DC5C-47FF-99C5-07D756CB4F61}
		{F20077AA-2271-4294-8246-1A6B66F3C78D} = {89D6126F-1745-440A-857D-7A533634AD8E}
		{842FFA2E-852E-4812-861D-884DA65456FD} = {C555A2AF-DC5C-47FF-99C5-07D756CB4F61}
		{BAB5D848-1A57-486C-B725-916780DDCD02} = {C555A2AF-DC5C-47FF-99C5-07D756CB4F61}
	EndGlobalSection
	GlobalSection(ExtensibilityGlobals) = postSolution
		SolutionGuid = {4F82532B-87AB-4437-BEA8-77CBDC0657C9}
	EndGlobalSection
EndGlobal
